
Microsoft Visual Studio Solution File, Format Version 12.00
# Visual Studio 15
VisualStudioVersion = 15.0.35026.233
MinimumVisualStudioVersion = 10.0.40219.1
Project("{FAE04EC0-301F-11D3-BF4B-00C04F79EFBC}") = "Renta 2017", "Renta 2017\Renta 2017.csproj", "{CEB70BDC-07B5-4778-9926-0175DBEC211B}"
EndProject
Global
	GlobalSection(SolutionConfigurationPlatforms) = preSolution
		Debug|Any CPU = Debug|Any CPU
		Release|Any CPU = Release|Any CPU
	EndGlobalSection
	GlobalSection(ProjectConfigurationPlatforms) = postSolution
		{CEB70BDC-07B5-4778-9926-0175DBEC211B}.Debug|Any CPU.ActiveCfg = Debug|Any CPU
		{CEB70BDC-07B5-4778-9926-0175DBEC211B}.Debug|Any CPU.Build.0 = Debug|Any CPU
		{CEB70BDC-07B5-4778-9926-0175DBEC211B}.Release|Any CPU.ActiveCfg = Release|Any CPU
		{CEB70BDC-07B5-4778-9926-0175DBEC211B}.Release|Any CPU.Build.0 = Release|Any CPU
	EndGlobalSection
	GlobalSection(SolutionProperties) = preSolution
		HideSolutionNode = FALSE
	EndGlobalSection
	GlobalSection(ExtensibilityGlobals) = postSolution
		SolutionGuid = {32F6D45F-C9B4-41F0-B798-2D9224872F34}
	EndGlobalSection
EndGlobal
